
Microsoft Visual Studio Solution File, Format Version 12.00
# Visual Studio Version 16
VisualStudioVersion = 16.0.28803.156
MinimumVisualStudioVersion = 10.0.40219.1
Project("{840C416C-B8F3-42BC-B0DD-F6BB14C9F8CB}") = "WindowsPrintInstaller", "..\PrintControlInstaller\WindowsPrintInstaller\WindowsPrintInstaller.aiproj", "{B211DC80-ABEB-453C-93DD-8891003544C4}"
EndProject
Project("{FAE04EC0-301F-11D3-BF4B-00C04F79EFBC}") = "SmarteCOWindowsPrintApp", "PrintControl\SmarteCOWindowsPrintApp.csproj", "{479FD215-5B70-49F5-83CB-684CC903E214}"
EndProject
Global
	GlobalSection(SolutionConfigurationPlatforms) = preSolution
		All|Any CPU = All|Any CPU
		All|x64 = All|x64
		Debug|Any CPU = Debug|Any CPU
		Debug|x64 = Debug|x64
		Release|Any CPU = Release|Any CPU
		Release|x64 = Release|x64
	EndGlobalSection
	GlobalSection(ProjectConfigurationPlatforms) = postSolution
		{B211DC80-ABEB-453C-93DD-8891003544C4}.All|Any CPU.ActiveCfg = DefaultBuild
		{B211DC80-ABEB-453C-93DD-8891003544C4}.All|Any CPU.Build.0 = DefaultBuild
		{B211DC80-ABEB-453C-93DD-8891003544C4}.All|x64.ActiveCfg = DefaultBuild
		{B211DC80-ABEB-453C-93DD-8891003544C4}.All|x64.Build.0 = DefaultBuild
		{B211DC80-ABEB-453C-93DD-8891003544C4}.Debug|Any CPU.ActiveCfg = DefaultBuild
		{B211DC80-ABEB-453C-93DD-8891003544C4}.Debug|x64.ActiveCfg = DefaultBuild
		{B211DC80-ABEB-453C-93DD-8891003544C4}.Debug|x64.Build.0 = DefaultBuild
		{B211DC80-ABEB-453C-93DD-8891003544C4}.Release|Any CPU.ActiveCfg = DefaultBuild
		{B211DC80-ABEB-453C-93DD-8891003544C4}.Release|Any CPU.Build.0 = DefaultBuild
		{B211DC80-ABEB-453C-93DD-8891003544C4}.Release|x64.ActiveCfg = DefaultBuild
		{B211DC80-ABEB-453C-93DD-8891003544C4}.Release|x64.Build.0 = DefaultBuild
		{479FD215-5B70-49F5-83CB-684CC903E214}.All|Any CPU.ActiveCfg = Release|Any CPU
		{479FD215-5B70-49F5-83CB-684CC903E214}.All|Any CPU.Build.0 = Release|Any CPU
		{479FD215-5B70-49F5-83CB-684CC903E214}.All|x64.ActiveCfg = Release|x64
		{479FD215-5B70-49F5-83CB-684CC903E214}.All|x64.Build.0 = Release|x64
		{479FD215-5B70-49F5-83CB-684CC903E214}.Debug|Any CPU.ActiveCfg = Debug|Any CPU
		{479FD215-5B70-49F5-83CB-684CC903E214}.Debug|Any CPU.Build.0 = Debug|Any CPU
		{479FD215-5B70-49F5-83CB-684CC903E214}.Debug|x64.ActiveCfg = Debug|x64
		{479FD215-5B70-49F5-83CB-684CC903E214}.Debug|x64.Build.0 = Debug|x64
		{479FD215-5B70-49F5-83CB-684CC903E214}.Release|Any CPU.ActiveCfg = Release|Any CPU
		{479FD215-5B70-49F5-83CB-684CC903E214}.Release|Any CPU.Build.0 = Release|Any CPU
		{479FD215-5B70-49F5-83CB-684CC903E214}.Release|x64.ActiveCfg = Release|x64
		{479FD215-5B70-49F5-83CB-684CC903E214}.Release|x64.Build.0 = Release|x64
	EndGlobalSection
	GlobalSection(SolutionProperties) = preSolution
		HideSolutionNode = FALSE
	EndGlobalSection
	GlobalSection(ExtensibilityGlobals) = postSolution
		SolutionGuid = {9F72ED22-AF19-453F-9582-598D2EBD329F}
	EndGlobalSection
EndGlobal
